<?xml version="1.0" encoding="utf-8"?>
<Project ToolsVersion="4.0" xmlns="http://schemas.microsoft.com/developer/msbuild/2003">
  <ItemGroup>
    <Filter Include="Source Files">
      <UniqueIdentifier>{4FC737F1-C7A5-4376-A066-2A32D752A2FF}</UniqueIdentifier>
      <Extensions>cpp;c;cc;cxx;c++;cppm;ixx;def;odl;idl;hpj;bat;asm;asmx</Extensions>
    </Filter>
    <Filter Include="Header Files">
      <UniqueIdentifier>{93995380-89BD-4b04-88EB-625FBE52EBFB}</UniqueIdentifier>
      <Extensions>h;hh;hpp;hxx;h++;hm;inl;inc;ipp;xsd</Extensions>
    </Filter>
    <Filter Include="Resource Files">
      <UniqueIdentifier>{67DA6AB6-F800-4c08-8B7A-83BB121AAD01}</UniqueIdentifier>
      <Extensions>rc;ico;cur;bmp;dlg;rc2;rct;bin;rgs;gif;jpg;jpeg;jpe;resx;tiff;tif;png;wav;mfcribbon-ms</Extensions>
    </Filter>
  </ItemGroup>
  <ItemGroup>
    <ClInclude Include="camapp-gst.h">
      <Filter>Header Files</Filter>
    </ClInclude>
    <ClInclude Include="framework.h">
      <Filter>Header Files</Filter>
    </ClInclude>
    <ClInclude Include="targetver.h">
      <Filter>Header Files</Filter>
    </ClInclude>
    <ClInclude Include="MainFrm.h">
      <Filter>Header Files</Filter>
    </ClInclude>
    <ClInclude Include="ChildView.h">
      <Filter>Header Files</Filter>
    </ClInclude>
    <ClInclude Include="Resource.h">
      <Filter>Header Files</Filter>
    </ClInclude>
    <ClInclude Include="pch.h">
      <Filter>Header Files</Filter>
    </ClInclude>
    <ClInclude Include="GstPlayer.h">
      <Filter>Header Files</Filter>
    </ClInclude>
    <ClInclude Include="DeviceCapsDlg.h">
      <Filter>Header Files</Filter>
    </ClInclude>
    <ClInclude Include="PrintAnalysisOptsDlg.h">
      <Filter>Header Files</Filter>
    </ClInclude>
    <ClInclude Include="CameraControlsPage.h">
      <Filter>Header Files</Filter>
    </ClInclude>
    <ClInclude Include="VideoProcAmpPage.h">
      <Filter>Header Files</Filter>
    </ClInclude>
    <ClInclude Include="CameraSliderProperties.h">
      <Filter>Header Files</Filter>
    </ClInclude>
    <ClInclude Include="Utils.h">
      <Filter>Header Files</Filter>
    </ClInclude>
    <ClInclude Include="BarcodeTypesDlg.h">
      <Filter>Header Files</Filter>
    </ClInclude>
    <ClInclude Include="BarcodeFormat.h">
      <Filter>Header Files</Filter>
    </ClInclude>
    <ClInclude Include="OutputWnd.h">
      <Filter>Header Files</Filter>
    </ClInclude>
    <ClInclude Include="RegistryManager.h">
      <Filter>Header Files</Filter>
    </ClInclude>
  </ItemGroup>
  <ItemGroup>
    <ClCompile Include="camapp-gst.cpp">
      <Filter>Source Files</Filter>
    </ClCompile>
    <ClCompile Include="MainFrm.cpp">
      <Filter>Source Files</Filter>
    </ClCompile>
    <ClCompile Include="ChildView.cpp">
      <Filter>Source Files</Filter>
    </ClCompile>
    <ClCompile Include="pch.cpp">
      <Filter>Source Files</Filter>
    </ClCompile>
    <ClCompile Include="GstPlayer.cpp">
      <Filter>Source Files</Filter>
    </ClCompile>
    <ClCompile Include="DeviceCapsDlg.cpp">
      <Filter>Source Files</Filter>
    </ClCompile>
    <ClCompile Include="PrintAnalysisOptsDlg.cpp">
      <Filter>Source Files</Filter>
    </ClCompile>
    <ClCompile Include="CameraControlsPage.cpp">
      <Filter>Source Files</Filter>
    </ClCompile>
    <ClCompile Include="VideoProcAmpPage.cpp">
      <Filter>Source Files</Filter>
    </ClCompile>
    <ClCompile Include="CameraSliderProperties.cpp">
      <Filter>Source Files</Filter>
    </ClCompile>
    <ClCompile Include="Utils.cpp">
      <Filter>Source Files</Filter>
    </ClCompile>
    <ClCompile Include="BarcodeTypesDlg.cpp">
      <Filter>Source Files</Filter>
    </ClCompile>
    <ClCompile Include="OutputWnd.cpp">
      <Filter>Source Files</Filter>
    </ClCompile>
    <ClCompile Include="RegistryManager.cpp">
      <Filter>Source Files</Filter>
    </ClCompile>
  </ItemGroup>
  <ItemGroup>
    <ResourceCompile Include="camappgst.rc">
      <Filter>Resource Files</Filter>
    </ResourceCompile>
  </ItemGroup>
  <ItemGroup>
    <None Include="res\camappgst.rc2">
      <Filter>Resource Files</Filter>
    </None>
  </ItemGroup>
  <ItemGroup>
    <Image Include="res\camapp-gst.ico">
      <Filter>Resource Files</Filter>
    </Image>
    <Image Include="res\preview.png">
      <Filter>Resource Files</Filter>
    </Image>
    <Image Include="res\video-settings.png">
      <Filter>Resource Files</Filter>
    </Image>
    <Image Include="res\camera_settings.png">
      <Filter>Resource Files</Filter>
    </Image>
    <Image Include="res\analysis.png">
      <Filter>Resource Files</Filter>
    </Image>
    <Image Include="res\preview-stop.png">
      <Filter>Resource Files</Filter>
    </Image>
    <Image Include="res\snapshot.png">
      <Filter>Resource Files</Filter>
    </Image>
    <Image Include="res\fps-logo.png">
      <Filter>Resource Files</Filter>
    </Image>
    <Image Include="res\fps-logo-off.png">
      <Filter>Resource Files</Filter>
    </Image>
    <Image Include="res\barcode.png">
      <Filter>Resource Files</Filter>
    </Image>
    <Image Include="res\barcode-off.png">
      <Filter>Resource Files</Filter>
    </Image>
    <Image Include="res\location.png">
      <Filter>Resource Files</Filter>
    </Image>
    <Image Include="res\location-off.png">
      <Filter>Resource Files</Filter>
    </Image>
    <Image Include="res\barcode-formats.png">
      <Filter>Resource Files</Filter>
    </Image>
    <Image Include="res\ocr.png">
      <Filter>Resource Files</Filter>
    </Image>
  </ItemGroup>
</Project>